# This file is generated by running "yarn install" inside your project.
# Manual changes might be lost - proceed with caution!

__metadata:
  version: 5
  cacheKey: 8

"@types/node@npm:^16.11.6":
  version: 16.11.6
  resolution: "@types/node@npm:16.11.6"
  checksum: 6e19634766ff589d3d2f361c2196b671f8f133cdadc5ad347a621c360d8994b6c4fbccfb2ad9c60c588c593831a96497c9c6b77d2b7e91be723384b94f6368e7
  languageName: node
  linkType: hard

"@types/unist@npm:^2.0.0":
  version: 2.0.6
  resolution: "@types/unist@npm:2.0.6"
  checksum: 25cb860ff10dde48b54622d58b23e66214211a61c84c0f15f88d38b61aa1b53d4d46e42b557924a93178c501c166aa37e28d7f6d994aba13d24685326272d5db
  languageName: node
  linkType: hard

"enhanced-resolve@npm:^5.8.3":
  version: 5.8.3
  resolution: "enhanced-resolve@npm:5.8.3"
  dependencies:
    graceful-fs: ^4.2.4
    tapable: ^2.2.0
  checksum: d79fbe531106448b768bb0673fb623ec0202d7ee70373ab7d4f4745d5dfe0806f38c9db7e7da8c941288fe475ab3d538db3791fce522056eeea40ca398c9e287
  languageName: node
  linkType: hard

"esbuild-android-arm64@npm:0.13.12":
  version: 0.13.12
  resolution: "esbuild-android-arm64@npm:0.13.12"
  conditions: os=android & cpu=arm64
  languageName: node
  linkType: hard

"esbuild-android-arm64@npm:0.13.9":
  version: 0.13.9
  resolution: "esbuild-android-arm64@npm:0.13.9"
  conditions: os=android & cpu=arm64
  languageName: node
  linkType: hard

"esbuild-darwin-64@npm:0.13.12":
  version: 0.13.12
  resolution: "esbuild-darwin-64@npm:0.13.12"
  conditions: os=darwin & cpu=x64
  languageName: node
  linkType: hard

"esbuild-darwin-64@npm:0.13.9":
  version: 0.13.9
  resolution: "esbuild-darwin-64@npm:0.13.9"
  conditions: os=darwin & cpu=x64
  languageName: node
  linkType: hard

"esbuild-darwin-arm64@npm:0.13.12":
  version: 0.13.12
  resolution: "esbuild-darwin-arm64@npm:0.13.12"
  conditions: os=darwin & cpu=arm64
  languageName: node
  linkType: hard

"esbuild-darwin-arm64@npm:0.13.9":
  version: 0.13.9
  resolution: "esbuild-darwin-arm64@npm:0.13.9"
  conditions: os=darwin & cpu=arm64
  languageName: node
  linkType: hard

"esbuild-freebsd-64@npm:0.13.12":
  version: 0.13.12
  resolution: "esbuild-freebsd-64@npm:0.13.12"
  conditions: os=freebsd & cpu=x64
  languageName: node
  linkType: hard

"esbuild-freebsd-64@npm:0.13.9":
  version: 0.13.9
  resolution: "esbuild-freebsd-64@npm:0.13.9"
  conditions: os=freebsd & cpu=x64
  languageName: node
  linkType: hard

"esbuild-freebsd-arm64@npm:0.13.12":
  version: 0.13.12
  resolution: "esbuild-freebsd-arm64@npm:0.13.12"
  conditions: os=freebsd & cpu=arm64
  languageName: node
  linkType: hard

"esbuild-freebsd-arm64@npm:0.13.9":
  version: 0.13.9
  resolution: "esbuild-freebsd-arm64@npm:0.13.9"
  conditions: os=freebsd & cpu=arm64
  languageName: node
  linkType: hard

"esbuild-linux-32@npm:0.13.12":
  version: 0.13.12
  resolution: "esbuild-linux-32@npm:0.13.12"
  conditions: os=linux & cpu=ia32
  languageName: node
  linkType: hard

"esbuild-linux-32@npm:0.13.9":
  version: 0.13.9
  resolution: "esbuild-linux-32@npm:0.13.9"
  conditions: os=linux & cpu=ia32
  languageName: node
  linkType: hard

"esbuild-linux-64@npm:0.13.12":
  version: 0.13.12
  resolution: "esbuild-linux-64@npm:0.13.12"
  conditions: os=linux & cpu=x64
  languageName: node
  linkType: hard

"esbuild-linux-64@npm:0.13.9":
  version: 0.13.9
  resolution: "esbuild-linux-64@npm:0.13.9"
  conditions: os=linux & cpu=x64
  languageName: node
  linkType: hard

"esbuild-linux-arm64@npm:0.13.12":
  version: 0.13.12
  resolution: "esbuild-linux-arm64@npm:0.13.12"
  conditions: os=linux & cpu=arm64
  languageName: node
  linkType: hard

"esbuild-linux-arm64@npm:0.13.9":
  version: 0.13.9
  resolution: "esbuild-linux-arm64@npm:0.13.9"
  conditions: os=linux & cpu=arm64
  languageName: node
  linkType: hard

"esbuild-linux-arm@npm:0.13.12":
  version: 0.13.12
  resolution: "esbuild-linux-arm@npm:0.13.12"
  conditions: os=linux & cpu=arm
  languageName: node
  linkType: hard

"esbuild-linux-arm@npm:0.13.9":
  version: 0.13.9
  resolution: "esbuild-linux-arm@npm:0.13.9"
  conditions: os=linux & cpu=arm
  languageName: node
  linkType: hard

"esbuild-linux-mips64le@npm:0.13.12":
  version: 0.13.12
  resolution: "esbuild-linux-mips64le@npm:0.13.12"
  conditions: os=linux & cpu=mips64el
  languageName: node
  linkType: hard

"esbuild-linux-mips64le@npm:0.13.9":
  version: 0.13.9
  resolution: "esbuild-linux-mips64le@npm:0.13.9"
  conditions: os=linux & cpu=mips64el
  languageName: node
  linkType: hard

"esbuild-linux-ppc64le@npm:0.13.12":
  version: 0.13.12
  resolution: "esbuild-linux-ppc64le@npm:0.13.12"
  conditions: os=linux & cpu=ppc64
  languageName: node
  linkType: hard

"esbuild-linux-ppc64le@npm:0.13.9":
  version: 0.13.9
  resolution: "esbuild-linux-ppc64le@npm:0.13.9"
  conditions: os=linux & cpu=ppc64
  languageName: node
  linkType: hard

"esbuild-netbsd-64@npm:0.13.12":
  version: 0.13.12
  resolution: "esbuild-netbsd-64@npm:0.13.12"
  conditions: os=netbsd & cpu=x64
  languageName: node
  linkType: hard

"esbuild-netbsd-64@npm:0.13.9":
  version: 0.13.9
  resolution: "esbuild-netbsd-64@npm:0.13.9"
  conditions: os=netbsd & cpu=x64
  languageName: node
  linkType: hard

"esbuild-openbsd-64@npm:0.13.12":
  version: 0.13.12
  resolution: "esbuild-openbsd-64@npm:0.13.12"
  conditions: os=openbsd & cpu=x64
  languageName: node
  linkType: hard

"esbuild-openbsd-64@npm:0.13.9":
  version: 0.13.9
  resolution: "esbuild-openbsd-64@npm:0.13.9"
  conditions: os=openbsd & cpu=x64
  languageName: node
  linkType: hard

"esbuild-plugin-enhanced-resolve@workspace:*, esbuild-plugin-enhanced-resolve@workspace:.":
  version: 0.0.0-use.local
  resolution: "esbuild-plugin-enhanced-resolve@workspace:."
  dependencies:
    "@types/node": ^16.11.6
    enhanced-resolve: ^5.8.3
    esbuild: ^0.13.9
    prettier: ^2.4.1
    typescript: ^4.4.4
  peerDependencies:
    esbuild: ^0.13.12
  languageName: unknown
  linkType: soft

"esbuild-sunos-64@npm:0.13.12":
  version: 0.13.12
  resolution: "esbuild-sunos-64@npm:0.13.12"
  conditions: os=sunos & cpu=x64
  languageName: node
  linkType: hard

"esbuild-sunos-64@npm:0.13.9":
  version: 0.13.9
  resolution: "esbuild-sunos-64@npm:0.13.9"
  conditions: os=sunos & cpu=x64
  languageName: node
  linkType: hard

"esbuild-windows-32@npm:0.13.12":
  version: 0.13.12
  resolution: "esbuild-windows-32@npm:0.13.12"
  conditions: os=win32 & cpu=ia32
  languageName: node
  linkType: hard

"esbuild-windows-32@npm:0.13.9":
  version: 0.13.9
  resolution: "esbuild-windows-32@npm:0.13.9"
  conditions: os=win32 & cpu=ia32
  languageName: node
  linkType: hard

"esbuild-windows-64@npm:0.13.12":
  version: 0.13.12
  resolution: "esbuild-windows-64@npm:0.13.12"
  conditions: os=win32 & cpu=x64
  languageName: node
  linkType: hard

"esbuild-windows-64@npm:0.13.9":
  version: 0.13.9
  resolution: "esbuild-windows-64@npm:0.13.9"
  conditions: os=win32 & cpu=x64
  languageName: node
  linkType: hard

"esbuild-windows-arm64@npm:0.13.12":
  version: 0.13.12
  resolution: "esbuild-windows-arm64@npm:0.13.12"
  conditions: os=win32 & cpu=arm64
  languageName: node
  linkType: hard

"esbuild-windows-arm64@npm:0.13.9":
  version: 0.13.9
  resolution: "esbuild-windows-arm64@npm:0.13.9"
  conditions: os=win32 & cpu=arm64
  languageName: node
  linkType: hard

"esbuild@npm:^0.13.12":
  version: 0.13.12
  resolution: "esbuild@npm:0.13.12"
  dependencies:
    esbuild-android-arm64: 0.13.12
    esbuild-darwin-64: 0.13.12
    esbuild-darwin-arm64: 0.13.12
    esbuild-freebsd-64: 0.13.12
    esbuild-freebsd-arm64: 0.13.12
    esbuild-linux-32: 0.13.12
    esbuild-linux-64: 0.13.12
    esbuild-linux-arm: 0.13.12
    esbuild-linux-arm64: 0.13.12
    esbuild-linux-mips64le: 0.13.12
    esbuild-linux-ppc64le: 0.13.12
    esbuild-netbsd-64: 0.13.12
    esbuild-openbsd-64: 0.13.12
    esbuild-sunos-64: 0.13.12
    esbuild-windows-32: 0.13.12
    esbuild-windows-64: 0.13.12
    esbuild-windows-arm64: 0.13.12
  dependenciesMeta:
    esbuild-android-arm64:
      optional: true
    esbuild-darwin-64:
      optional: true
    esbuild-darwin-arm64:
      optional: true
    esbuild-freebsd-64:
      optional: true
    esbuild-freebsd-arm64:
      optional: true
    esbuild-linux-32:
      optional: true
    esbuild-linux-64:
      optional: true
    esbuild-linux-arm:
      optional: true
    esbuild-linux-arm64:
      optional: true
    esbuild-linux-mips64le:
      optional: true
    esbuild-linux-ppc64le:
      optional: true
    esbuild-netbsd-64:
      optional: true
    esbuild-openbsd-64:
      optional: true
    esbuild-sunos-64:
      optional: true
    esbuild-windows-32:
      optional: true
    esbuild-windows-64:
      optional: true
    esbuild-windows-arm64:
      optional: true
  bin:
    esbuild: bin/esbuild
  checksum: 7ef4ef3e8eec11b832224b8886ccea22f72e89e2d9b59ec45d03bb2a512ca725fdb06e88609884e0721a4b90d1095e3ec898bd6f39a4efa0e2c99770730e0041
  languageName: node
  linkType: hard

"esbuild@npm:^0.13.9":
  version: 0.13.9
  resolution: "esbuild@npm:0.13.9"
  dependencies:
    esbuild-android-arm64: 0.13.9
    esbuild-darwin-64: 0.13.9
    esbuild-darwin-arm64: 0.13.9
    esbuild-freebsd-64: 0.13.9
    esbuild-freebsd-arm64: 0.13.9
    esbuild-linux-32: 0.13.9
    esbuild-linux-64: 0.13.9
    esbuild-linux-arm: 0.13.9
    esbuild-linux-arm64: 0.13.9
    esbuild-linux-mips64le: 0.13.9
    esbuild-linux-ppc64le: 0.13.9
    esbuild-netbsd-64: 0.13.9
    esbuild-openbsd-64: 0.13.9
    esbuild-sunos-64: 0.13.9
    esbuild-windows-32: 0.13.9
    esbuild-windows-64: 0.13.9
    esbuild-windows-arm64: 0.13.9
  dependenciesMeta:
    esbuild-android-arm64:
      optional: true
    esbuild-darwin-64:
      optional: true
    esbuild-darwin-arm64:
      optional: true
    esbuild-freebsd-64:
      optional: true
    esbuild-freebsd-arm64:
      optional: true
    esbuild-linux-32:
      optional: true
    esbuild-linux-64:
      optional: true
    esbuild-linux-arm:
      optional: true
    esbuild-linux-arm64:
      optional: true
    esbuild-linux-mips64le:
      optional: true
    esbuild-linux-ppc64le:
      optional: true
    esbuild-netbsd-64:
      optional: true
    esbuild-openbsd-64:
      optional: true
    esbuild-sunos-64:
      optional: true
    esbuild-windows-32:
      optional: true
    esbuild-windows-64:
      optional: true
    esbuild-windows-arm64:
      optional: true
  bin:
    esbuild: bin/esbuild
  checksum: 95625f225cc5948cf6275792285016ba748aa490a1dcb2fd0cdc5212093daf5c368b8ba61c7b5a7921350a15b339a74dc2e91dab080db30be86e29506bd57b2e
  languageName: node
  linkType: hard

"example-3bb12e@workspace:example":
  version: 0.0.0-use.local
  resolution: "example-3bb12e@workspace:example"
  dependencies:
    esbuild: ^0.13.12
    esbuild-plugin-enhanced-resolve: "workspace:*"
    uuid: ^8.3.2
    vfile: ^5.1.1
  languageName: unknown
  linkType: soft

"graceful-fs@npm:^4.2.4":
  version: 4.2.8
  resolution: "graceful-fs@npm:4.2.8"
  checksum: 5d224c8969ad0581d551dfabdb06882706b31af2561bd5e2034b4097e67cc27d05232849b8643866585fd0a41c7af152950f8776f4dd5579e9853733f31461c6
  languageName: node
  linkType: hard

"is-buffer@npm:^2.0.0":
  version: 2.0.5
  resolution: "is-buffer@npm:2.0.5"
  checksum: 764c9ad8b523a9f5a32af29bdf772b08eb48c04d2ad0a7240916ac2688c983bf5f8504bf25b35e66240edeb9d9085461f9b5dae1f3d2861c6b06a65fe983de42
  languageName: node
  linkType: hard

"prettier@npm:^2.4.1":
  version: 2.4.1
  resolution: "prettier@npm:2.4.1"
  bin:
    prettier: bin-prettier.js
  checksum: cc6830588b401b0d742862fe9c46bc9118204fb307c3abe0e49e95b35ed23629573807ffdf9cdd65289c252a0bb51fc0171437f6626ee36378dea80f0ee80b91
  languageName: node
  linkType: hard

"tapable@npm:^2.2.0":
  version: 2.2.1
  resolution: "tapable@npm:2.2.1"
  checksum: 3b7a1b4d86fa940aad46d9e73d1e8739335efd4c48322cb37d073eb6f80f5281889bf0320c6d8ffcfa1a0dd5bfdbd0f9d037e252ef972aca595330538aac4d51
  languageName: node
  linkType: hard

"typescript@npm:^4.4.4":
  version: 4.4.4
  resolution: "typescript@npm:4.4.4"
  bin:
    tsc: bin/tsc
    tsserver: bin/tsserver
  checksum: 89ecb8436bb48ef5594d49289f5f89103071716b6e4844278f4fb3362856e31203e187a9c76d205c3f0b674d221a058fd28310dbcbcf5d95e9a57229bb5203f1
  languageName: node
  linkType: hard

"typescript@patch:typescript@^4.4.4#~builtin<compat/typescript>":
  version: 4.4.4
  resolution: "typescript@patch:typescript@npm%3A4.4.4#~builtin<compat/typescript>::version=4.4.4&hash=ddd1e8"
  bin:
    tsc: bin/tsc
    tsserver: bin/tsserver
  checksum: bd629ad0da4a15d79aaad56baf3ee7d96f6a181760d430ae77f8c5325df7bffd9edee57544a3970e3651e8b796fe03a5838a7eb39c6d46cc3866c0b23d36a0dd
  languageName: node
  linkType: hard

"unist-util-stringify-position@npm:^3.0.0":
  version: 3.0.0
  resolution: "unist-util-stringify-position@npm:3.0.0"
  dependencies:
    "@types/unist": ^2.0.0
  checksum: 460d5e16065942da7acd2578e92f4b8421c5af1f3f15ebc858db90865be69a5454dd6638d73f855cc82b1fa9e6e941a258f97b3f5f3be4f2766b0e6f6c45a031
  languageName: node
  linkType: hard

"uuid@npm:^8.3.2":
  version: 8.3.2
  resolution: "uuid@npm:8.3.2"
  bin:
    uuid: dist/bin/uuid
  checksum: 5575a8a75c13120e2f10e6ddc801b2c7ed7d8f3c8ac22c7ed0c7b2ba6383ec0abda88c905085d630e251719e0777045ae3236f04c812184b7c765f63a70e58df
  languageName: node
  linkType: hard

"vfile-message@npm:^3.0.0":
  version: 3.0.2
  resolution: "vfile-message@npm:3.0.2"
  dependencies:
    "@types/unist": ^2.0.0
    unist-util-stringify-position: ^3.0.0
  checksum: 02d50c6652a38c96dbb8cbcc1e8d5b083799a3bf99ba1cf85332e2129e9b569582201fca03839a4205161fe578ebbb31d9bdc52b2cff352051546c99bdd97df3
  languageName: node
  linkType: hard

"vfile@npm:^5.1.1":
  version: 5.1.1
  resolution: "vfile@npm:5.1.1"
  dependencies:
    "@types/unist": ^2.0.0
    is-buffer: ^2.0.0
    unist-util-stringify-position: ^3.0.0
    vfile-message: ^3.0.0
  checksum: dcd88d6549c20a2bc4ad5dce49e4d6c70669f9f897fa9276147a65c9011539c6d7cc83ea54fbfd00f33b93185fa267cde1bc61463a532cf41cbb805e609364e2
  languageName: node
  linkType: hard
