# This file is generated by running "yarn install" inside your project.
# Manual changes might be lost - proceed with caution!

__metadata:
  version: 5
  cacheKey: 8

"@babel/runtime@npm:^7.0.0, @babel/runtime@npm:^7.3.1":
  version: 7.16.7
  resolution: "@babel/runtime@npm:7.16.7"
  dependencies:
    regenerator-runtime: ^0.13.4
  checksum: 47912f0aaacd1cab2e2552aaf3e6eaffbcaf2d5ac9b07a89a12ac0d42029cb92c070b0d16f825e4277c4a34677c54d8ffe85e1f7c6feb57de58f700eec67ce2f
  languageName: node
  linkType: hard

"@loaders.gl/loader-utils@npm:^3.1.6":
  version: 3.1.6
  resolution: "@loaders.gl/loader-utils@npm:3.1.6"
  dependencies:
    "@babel/runtime": ^7.3.1
    "@loaders.gl/worker-utils": 3.1.6
    "@probe.gl/stats": ^3.5.0
  checksum: ba6ead7208835f51623db7ba535b0b350c9b5629ce9cffd577b82b40a9fef5c376263257a3af97e406f60238f82e22849adb311a314a9b9bb0ef14fd3d48aa03
  languageName: node
  linkType: hard

"@loaders.gl/worker-utils@npm:3.1.6":
  version: 3.1.6
  resolution: "@loaders.gl/worker-utils@npm:3.1.6"
  dependencies:
    "@babel/runtime": ^7.3.1
  checksum: db41e5dcff7c67af4fcb7ea33127599a300b33db79bdc42132ed8af8721ff3d715ede70f7b3a446c8fd69ec8429173b8d81c267e87f68bc9a351521e3a910400
  languageName: node
  linkType: hard

"@probe.gl/stats@npm:^3.5.0":
  version: 3.5.0
  resolution: "@probe.gl/stats@npm:3.5.0"
  dependencies:
    "@babel/runtime": ^7.0.0
  checksum: dd44418b6119c2802bda5a6bf5679db8445aedad3e466257874d008f2ac0797da4721e9fe97beb1d583b9bd64763399dd9b7e23b6dc248fc42c15471675687bf
  languageName: node
  linkType: hard

"@types/node@npm:^17.0.9":
  version: 17.0.9
  resolution: "@types/node@npm:17.0.9"
  checksum: 64a1fa91979e3c37c5f42c6e7836b02aad333f2ed41114b8d975b4754e4f4a7fe3343e77ee4daceed6b5706c6662ade13ec1e955326cd1b1e8bf35800de5faf8
  languageName: node
  linkType: hard

"@types/unist@npm:^2.0.0":
  version: 2.0.6
  resolution: "@types/unist@npm:2.0.6"
  checksum: 25cb860ff10dde48b54622d58b23e66214211a61c84c0f15f88d38b61aa1b53d4d46e42b557924a93178c501c166aa37e28d7f6d994aba13d24685326272d5db
  languageName: node
  linkType: hard

"d@npm:1, d@npm:^1.0.1":
  version: 1.0.1
  resolution: "d@npm:1.0.1"
  dependencies:
    es5-ext: ^0.10.50
    type: ^1.0.1
  checksum: 49ca0639c7b822db670de93d4fbce44b4aa072cd848c76292c9978a8cd0fff1028763020ff4b0f147bd77bfe29b4c7f82e0f71ade76b2a06100543cdfd948d19
  languageName: node
  linkType: hard

"enhanced-resolve@npm:^5.8.3":
  version: 5.8.3
  resolution: "enhanced-resolve@npm:5.8.3"
  dependencies:
    graceful-fs: ^4.2.4
    tapable: ^2.2.0
  checksum: d79fbe531106448b768bb0673fb623ec0202d7ee70373ab7d4f4745d5dfe0806f38c9db7e7da8c941288fe475ab3d538db3791fce522056eeea40ca398c9e287
  languageName: node
  linkType: hard

"es5-ext@npm:^0.10.35, es5-ext@npm:^0.10.50, es5-ext@npm:^0.10.53":
  version: 0.10.53
  resolution: "es5-ext@npm:0.10.53"
  dependencies:
    es6-iterator: ~2.0.3
    es6-symbol: ~3.1.3
    next-tick: ~1.0.0
  checksum: 24ec22369260cf98605cb2f51eae9d7df5dc621bc5d3b311f6f5c3d0fcdb7bafae888270f3083ee6e9af27350a5ea49f1fe2dd6406a9017247ca40f091f529b2
  languageName: node
  linkType: hard

"es6-iterator@npm:~2.0.3":
  version: 2.0.3
  resolution: "es6-iterator@npm:2.0.3"
  dependencies:
    d: 1
    es5-ext: ^0.10.35
    es6-symbol: ^3.1.1
  checksum: 6e48b1c2d962c21dee604b3d9f0bc3889f11ed5a8b33689155a2065d20e3107e2a69cc63a71bd125aeee3a589182f8bbcb5c8a05b6a8f38fa4205671b6d09697
  languageName: node
  linkType: hard

"es6-symbol@npm:^3.1.1, es6-symbol@npm:~3.1.3":
  version: 3.1.3
  resolution: "es6-symbol@npm:3.1.3"
  dependencies:
    d: ^1.0.1
    ext: ^1.1.2
  checksum: cd49722c2a70f011eb02143ef1c8c70658d2660dead6641e160b94619f408b9cf66425515787ffe338affdf0285ad54f4eae30ea5bd510e33f8659ec53bcaa70
  languageName: node
  linkType: hard

"esbuild-android-arm64@npm:0.13.15":
  version: 0.13.15
  resolution: "esbuild-android-arm64@npm:0.13.15"
  conditions: os=android & cpu=arm64
  languageName: node
  linkType: hard

"esbuild-android-arm64@npm:0.14.11":
  version: 0.14.11
  resolution: "esbuild-android-arm64@npm:0.14.11"
  conditions: os=android & cpu=arm64
  languageName: node
  linkType: hard

"esbuild-darwin-64@npm:0.13.15":
  version: 0.13.15
  resolution: "esbuild-darwin-64@npm:0.13.15"
  conditions: os=darwin & cpu=x64
  languageName: node
  linkType: hard

"esbuild-darwin-64@npm:0.14.11":
  version: 0.14.11
  resolution: "esbuild-darwin-64@npm:0.14.11"
  conditions: os=darwin & cpu=x64
  languageName: node
  linkType: hard

"esbuild-darwin-arm64@npm:0.13.15":
  version: 0.13.15
  resolution: "esbuild-darwin-arm64@npm:0.13.15"
  conditions: os=darwin & cpu=arm64
  languageName: node
  linkType: hard

"esbuild-darwin-arm64@npm:0.14.11":
  version: 0.14.11
  resolution: "esbuild-darwin-arm64@npm:0.14.11"
  conditions: os=darwin & cpu=arm64
  languageName: node
  linkType: hard

"esbuild-freebsd-64@npm:0.13.15":
  version: 0.13.15
  resolution: "esbuild-freebsd-64@npm:0.13.15"
  conditions: os=freebsd & cpu=x64
  languageName: node
  linkType: hard

"esbuild-freebsd-64@npm:0.14.11":
  version: 0.14.11
  resolution: "esbuild-freebsd-64@npm:0.14.11"
  conditions: os=freebsd & cpu=x64
  languageName: node
  linkType: hard

"esbuild-freebsd-arm64@npm:0.13.15":
  version: 0.13.15
  resolution: "esbuild-freebsd-arm64@npm:0.13.15"
  conditions: os=freebsd & cpu=arm64
  languageName: node
  linkType: hard

"esbuild-freebsd-arm64@npm:0.14.11":
  version: 0.14.11
  resolution: "esbuild-freebsd-arm64@npm:0.14.11"
  conditions: os=freebsd & cpu=arm64
  languageName: node
  linkType: hard

"esbuild-linux-32@npm:0.13.15":
  version: 0.13.15
  resolution: "esbuild-linux-32@npm:0.13.15"
  conditions: os=linux & cpu=ia32
  languageName: node
  linkType: hard

"esbuild-linux-32@npm:0.14.11":
  version: 0.14.11
  resolution: "esbuild-linux-32@npm:0.14.11"
  conditions: os=linux & cpu=ia32
  languageName: node
  linkType: hard

"esbuild-linux-64@npm:0.13.15":
  version: 0.13.15
  resolution: "esbuild-linux-64@npm:0.13.15"
  conditions: os=linux & cpu=x64
  languageName: node
  linkType: hard

"esbuild-linux-64@npm:0.14.11":
  version: 0.14.11
  resolution: "esbuild-linux-64@npm:0.14.11"
  conditions: os=linux & cpu=x64
  languageName: node
  linkType: hard

"esbuild-linux-arm64@npm:0.13.15":
  version: 0.13.15
  resolution: "esbuild-linux-arm64@npm:0.13.15"
  conditions: os=linux & cpu=arm64
  languageName: node
  linkType: hard

"esbuild-linux-arm64@npm:0.14.11":
  version: 0.14.11
  resolution: "esbuild-linux-arm64@npm:0.14.11"
  conditions: os=linux & cpu=arm64
  languageName: node
  linkType: hard

"esbuild-linux-arm@npm:0.13.15":
  version: 0.13.15
  resolution: "esbuild-linux-arm@npm:0.13.15"
  conditions: os=linux & cpu=arm
  languageName: node
  linkType: hard

"esbuild-linux-arm@npm:0.14.11":
  version: 0.14.11
  resolution: "esbuild-linux-arm@npm:0.14.11"
  conditions: os=linux & cpu=arm
  languageName: node
  linkType: hard

"esbuild-linux-mips64le@npm:0.13.15":
  version: 0.13.15
  resolution: "esbuild-linux-mips64le@npm:0.13.15"
  conditions: os=linux & cpu=mips64el
  languageName: node
  linkType: hard

"esbuild-linux-mips64le@npm:0.14.11":
  version: 0.14.11
  resolution: "esbuild-linux-mips64le@npm:0.14.11"
  conditions: os=linux & cpu=mips64el
  languageName: node
  linkType: hard

"esbuild-linux-ppc64le@npm:0.13.15":
  version: 0.13.15
  resolution: "esbuild-linux-ppc64le@npm:0.13.15"
  conditions: os=linux & cpu=ppc64
  languageName: node
  linkType: hard

"esbuild-linux-ppc64le@npm:0.14.11":
  version: 0.14.11
  resolution: "esbuild-linux-ppc64le@npm:0.14.11"
  conditions: os=linux & cpu=ppc64
  languageName: node
  linkType: hard

"esbuild-linux-s390x@npm:0.14.11":
  version: 0.14.11
  resolution: "esbuild-linux-s390x@npm:0.14.11"
  conditions: os=linux & cpu=s390x
  languageName: node
  linkType: hard

"esbuild-netbsd-64@npm:0.13.15":
  version: 0.13.15
  resolution: "esbuild-netbsd-64@npm:0.13.15"
  conditions: os=netbsd & cpu=x64
  languageName: node
  linkType: hard

"esbuild-netbsd-64@npm:0.14.11":
  version: 0.14.11
  resolution: "esbuild-netbsd-64@npm:0.14.11"
  conditions: os=netbsd & cpu=x64
  languageName: node
  linkType: hard

"esbuild-openbsd-64@npm:0.13.15":
  version: 0.13.15
  resolution: "esbuild-openbsd-64@npm:0.13.15"
  conditions: os=openbsd & cpu=x64
  languageName: node
  linkType: hard

"esbuild-openbsd-64@npm:0.14.11":
  version: 0.14.11
  resolution: "esbuild-openbsd-64@npm:0.14.11"
  conditions: os=openbsd & cpu=x64
  languageName: node
  linkType: hard

"esbuild-plugin-enhanced-resolve@workspace:*, esbuild-plugin-enhanced-resolve@workspace:.":
  version: 0.0.0-use.local
  resolution: "esbuild-plugin-enhanced-resolve@workspace:."
  dependencies:
    "@types/node": ^17.0.9
    enhanced-resolve: ^5.8.3
    esbuild: ^0.13.12
    prettier: ^2.5.1
    typescript: ^4.5.4
  peerDependencies:
    esbuild: ^0.13.12 || ^0.14.11
  languageName: unknown
  linkType: soft

"esbuild-sunos-64@npm:0.13.15":
  version: 0.13.15
  resolution: "esbuild-sunos-64@npm:0.13.15"
  conditions: os=sunos & cpu=x64
  languageName: node
  linkType: hard

"esbuild-sunos-64@npm:0.14.11":
  version: 0.14.11
  resolution: "esbuild-sunos-64@npm:0.14.11"
  conditions: os=sunos & cpu=x64
  languageName: node
  linkType: hard

"esbuild-windows-32@npm:0.13.15":
  version: 0.13.15
  resolution: "esbuild-windows-32@npm:0.13.15"
  conditions: os=win32 & cpu=ia32
  languageName: node
  linkType: hard

"esbuild-windows-32@npm:0.14.11":
  version: 0.14.11
  resolution: "esbuild-windows-32@npm:0.14.11"
  conditions: os=win32 & cpu=ia32
  languageName: node
  linkType: hard

"esbuild-windows-64@npm:0.13.15":
  version: 0.13.15
  resolution: "esbuild-windows-64@npm:0.13.15"
  conditions: os=win32 & cpu=x64
  languageName: node
  linkType: hard

"esbuild-windows-64@npm:0.14.11":
  version: 0.14.11
  resolution: "esbuild-windows-64@npm:0.14.11"
  conditions: os=win32 & cpu=x64
  languageName: node
  linkType: hard

"esbuild-windows-arm64@npm:0.13.15":
  version: 0.13.15
  resolution: "esbuild-windows-arm64@npm:0.13.15"
  conditions: os=win32 & cpu=arm64
  languageName: node
  linkType: hard

"esbuild-windows-arm64@npm:0.14.11":
  version: 0.14.11
  resolution: "esbuild-windows-arm64@npm:0.14.11"
  conditions: os=win32 & cpu=arm64
  languageName: node
  linkType: hard

"esbuild@npm:^0.13.12":
  version: 0.13.15
  resolution: "esbuild@npm:0.13.15"
  dependencies:
    esbuild-android-arm64: 0.13.15
    esbuild-darwin-64: 0.13.15
    esbuild-darwin-arm64: 0.13.15
    esbuild-freebsd-64: 0.13.15
    esbuild-freebsd-arm64: 0.13.15
    esbuild-linux-32: 0.13.15
    esbuild-linux-64: 0.13.15
    esbuild-linux-arm: 0.13.15
    esbuild-linux-arm64: 0.13.15
    esbuild-linux-mips64le: 0.13.15
    esbuild-linux-ppc64le: 0.13.15
    esbuild-netbsd-64: 0.13.15
    esbuild-openbsd-64: 0.13.15
    esbuild-sunos-64: 0.13.15
    esbuild-windows-32: 0.13.15
    esbuild-windows-64: 0.13.15
    esbuild-windows-arm64: 0.13.15
  dependenciesMeta:
    esbuild-android-arm64:
      optional: true
    esbuild-darwin-64:
      optional: true
    esbuild-darwin-arm64:
      optional: true
    esbuild-freebsd-64:
      optional: true
    esbuild-freebsd-arm64:
      optional: true
    esbuild-linux-32:
      optional: true
    esbuild-linux-64:
      optional: true
    esbuild-linux-arm:
      optional: true
    esbuild-linux-arm64:
      optional: true
    esbuild-linux-mips64le:
      optional: true
    esbuild-linux-ppc64le:
      optional: true
    esbuild-netbsd-64:
      optional: true
    esbuild-openbsd-64:
      optional: true
    esbuild-sunos-64:
      optional: true
    esbuild-windows-32:
      optional: true
    esbuild-windows-64:
      optional: true
    esbuild-windows-arm64:
      optional: true
  bin:
    esbuild: bin/esbuild
  checksum: d5fac8f28a6328592e45f9d49a7e98420cf2c2a3ff5a753bbf011ab79bcb5c062209ef862d3ae0875d8f2a50d40c112b0224e8b419a7cbffc6e2b02cee11ef7e
  languageName: node
  linkType: hard

"esbuild@npm:^0.14.11":
  version: 0.14.11
  resolution: "esbuild@npm:0.14.11"
  dependencies:
    esbuild-android-arm64: 0.14.11
    esbuild-darwin-64: 0.14.11
    esbuild-darwin-arm64: 0.14.11
    esbuild-freebsd-64: 0.14.11
    esbuild-freebsd-arm64: 0.14.11
    esbuild-linux-32: 0.14.11
    esbuild-linux-64: 0.14.11
    esbuild-linux-arm: 0.14.11
    esbuild-linux-arm64: 0.14.11
    esbuild-linux-mips64le: 0.14.11
    esbuild-linux-ppc64le: 0.14.11
    esbuild-linux-s390x: 0.14.11
    esbuild-netbsd-64: 0.14.11
    esbuild-openbsd-64: 0.14.11
    esbuild-sunos-64: 0.14.11
    esbuild-windows-32: 0.14.11
    esbuild-windows-64: 0.14.11
    esbuild-windows-arm64: 0.14.11
  dependenciesMeta:
    esbuild-android-arm64:
      optional: true
    esbuild-darwin-64:
      optional: true
    esbuild-darwin-arm64:
      optional: true
    esbuild-freebsd-64:
      optional: true
    esbuild-freebsd-arm64:
      optional: true
    esbuild-linux-32:
      optional: true
    esbuild-linux-64:
      optional: true
    esbuild-linux-arm:
      optional: true
    esbuild-linux-arm64:
      optional: true
    esbuild-linux-mips64le:
      optional: true
    esbuild-linux-ppc64le:
      optional: true
    esbuild-linux-s390x:
      optional: true
    esbuild-netbsd-64:
      optional: true
    esbuild-openbsd-64:
      optional: true
    esbuild-sunos-64:
      optional: true
    esbuild-windows-32:
      optional: true
    esbuild-windows-64:
      optional: true
    esbuild-windows-arm64:
      optional: true
  bin:
    esbuild: bin/esbuild
  checksum: dd034f76fa180ae947a458d84cd3ad4989f1630bc55f092f35d562c18480e56ed0ede99752ffc13d341434ff09063110c765243a4d46244ea2422f2683dbd822
  languageName: node
  linkType: hard

"example-3bb12e@workspace:example":
  version: 0.0.0-use.local
  resolution: "example-3bb12e@workspace:example"
  dependencies:
    "@loaders.gl/loader-utils": ^3.1.6
    es5-ext: ^0.10.53
    esbuild: ^0.14.11
    esbuild-plugin-enhanced-resolve: "workspace:*"
    jsonpath-plus: ^6.0.1
    uuid: ^8.3.2
    vfile: ^5.1.1
  languageName: unknown
  linkType: soft

"ext@npm:^1.1.2":
  version: 1.6.0
  resolution: "ext@npm:1.6.0"
  dependencies:
    type: ^2.5.0
  checksum: ca3ef4619e838f441a92238a98b77ac873da2175ace746c64303ffe2c3208e79a3acf3bf7004e40b720f3c2a83bf0143e6dd4a7cdfae6e73f54a3bfc7a14b5c2
  languageName: node
  linkType: hard

"graceful-fs@npm:^4.2.4":
  version: 4.2.8
  resolution: "graceful-fs@npm:4.2.8"
  checksum: 5d224c8969ad0581d551dfabdb06882706b31af2561bd5e2034b4097e67cc27d05232849b8643866585fd0a41c7af152950f8776f4dd5579e9853733f31461c6
  languageName: node
  linkType: hard

"is-buffer@npm:^2.0.0":
  version: 2.0.5
  resolution: "is-buffer@npm:2.0.5"
  checksum: 764c9ad8b523a9f5a32af29bdf772b08eb48c04d2ad0a7240916ac2688c983bf5f8504bf25b35e66240edeb9d9085461f9b5dae1f3d2861c6b06a65fe983de42
  languageName: node
  linkType: hard

"jsonpath-plus@npm:^6.0.1":
  version: 6.0.1
  resolution: "jsonpath-plus@npm:6.0.1"
  checksum: bddec34b742249c5b38077dfcd8eb479fab4e077943253017326503ce4f527ef66938288c728712fd923907493d6eaba69a43015dc3dd9fdf48d89028ae7f466
  languageName: node
  linkType: hard

"next-tick@npm:~1.0.0":
  version: 1.0.0
  resolution: "next-tick@npm:1.0.0"
  checksum: 83fcb3d4f8d9380210b1c2b8a610463602d80283f0c0c8571c1688e1ad6cbf3a16b345f5bb7212617d4898bedcfa10dff327dc09ec20a112a5bf43a0271375fb
  languageName: node
  linkType: hard

"prettier@npm:^2.5.1":
  version: 2.5.1
  resolution: "prettier@npm:2.5.1"
  bin:
    prettier: bin-prettier.js
  checksum: 21b9408476ea1c544b0e45d51ceb94a84789ff92095abb710942d780c862d0daebdb29972d47f6b4d0f7ebbfb0ffbf56cc2cfa3e3e9d1cca54864af185b15b66
  languageName: node
  linkType: hard

"regenerator-runtime@npm:^0.13.4":
  version: 0.13.9
  resolution: "regenerator-runtime@npm:0.13.9"
  checksum: 65ed455fe5afd799e2897baf691ca21c2772e1a969d19bb0c4695757c2d96249eb74ee3553ea34a91062b2a676beedf630b4c1551cc6299afb937be1426ec55e
  languageName: node
  linkType: hard

"tapable@npm:^2.2.0":
  version: 2.2.1
  resolution: "tapable@npm:2.2.1"
  checksum: 3b7a1b4d86fa940aad46d9e73d1e8739335efd4c48322cb37d073eb6f80f5281889bf0320c6d8ffcfa1a0dd5bfdbd0f9d037e252ef972aca595330538aac4d51
  languageName: node
  linkType: hard

"type@npm:^1.0.1":
  version: 1.2.0
  resolution: "type@npm:1.2.0"
  checksum: dae8c64f82c648b985caf321e9dd6e8b7f4f2e2d4f846fc6fd2c8e9dc7769382d8a52369ddbaccd59aeeceb0df7f52fb339c465be5f2e543e81e810e413451ee
  languageName: node
  linkType: hard

"type@npm:^2.5.0":
  version: 2.5.0
  resolution: "type@npm:2.5.0"
  checksum: 0fe1bb4e8ba298b2b245fdc6bca6178887e29e2134d231e468366615b3adffd651d464eb51d8b15f8cfd168577c282a17e19bf80f036a60d4df16308a83a93c4
  languageName: node
  linkType: hard

"typescript@npm:^4.5.4":
  version: 4.5.4
  resolution: "typescript@npm:4.5.4"
  bin:
    tsc: bin/tsc
    tsserver: bin/tsserver
  checksum: 59f3243f9cd6fe3161e6150ff6bf795fc843b4234a655dbd938a310515e0d61afd1ac942799e7415e4334255e41c2c49b7dd5d9fd38a17acd25a6779ca7e0961
  languageName: node
  linkType: hard

"typescript@patch:typescript@^4.5.4#~builtin<compat/typescript>":
  version: 4.5.4
  resolution: "typescript@patch:typescript@npm%3A4.5.4#~builtin<compat/typescript>::version=4.5.4&hash=493e53"
  bin:
    tsc: bin/tsc
    tsserver: bin/tsserver
  checksum: 2e488dde7d2c4a2fa2e79cf2470600f8ce81bc0563c276b72df8ff412d74456ae532ba824650ae936ce207440c79720ddcfaa25e3cb4477572b8534fa4e34d49
  languageName: node
  linkType: hard

"unist-util-stringify-position@npm:^3.0.0":
  version: 3.0.0
  resolution: "unist-util-stringify-position@npm:3.0.0"
  dependencies:
    "@types/unist": ^2.0.0
  checksum: 460d5e16065942da7acd2578e92f4b8421c5af1f3f15ebc858db90865be69a5454dd6638d73f855cc82b1fa9e6e941a258f97b3f5f3be4f2766b0e6f6c45a031
  languageName: node
  linkType: hard

"uuid@npm:^8.3.2":
  version: 8.3.2
  resolution: "uuid@npm:8.3.2"
  bin:
    uuid: dist/bin/uuid
  checksum: 5575a8a75c13120e2f10e6ddc801b2c7ed7d8f3c8ac22c7ed0c7b2ba6383ec0abda88c905085d630e251719e0777045ae3236f04c812184b7c765f63a70e58df
  languageName: node
  linkType: hard

"vfile-message@npm:^3.0.0":
  version: 3.0.2
  resolution: "vfile-message@npm:3.0.2"
  dependencies:
    "@types/unist": ^2.0.0
    unist-util-stringify-position: ^3.0.0
  checksum: 02d50c6652a38c96dbb8cbcc1e8d5b083799a3bf99ba1cf85332e2129e9b569582201fca03839a4205161fe578ebbb31d9bdc52b2cff352051546c99bdd97df3
  languageName: node
  linkType: hard

"vfile@npm:^5.1.1":
  version: 5.1.1
  resolution: "vfile@npm:5.1.1"
  dependencies:
    "@types/unist": ^2.0.0
    is-buffer: ^2.0.0
    unist-util-stringify-position: ^3.0.0
    vfile-message: ^3.0.0
  checksum: dcd88d6549c20a2bc4ad5dce49e4d6c70669f9f897fa9276147a65c9011539c6d7cc83ea54fbfd00f33b93185fa267cde1bc61463a532cf41cbb805e609364e2
  languageName: node
  linkType: hard
